// !$*UTF8*$!
{
	archiveVersion = 1;
	classes = {
	};
	objectVersion = 77;
	objects = {

/* Begin PBXBuildFile section */
		00654B072FBCED3B002CCD70 /* FirebaseAuth in Frameworks */ = {isa = PBXBuildFile; productRef = 00654B062FBCED3B002CCD70 /* FirebaseAuth */; };
		00654B092FBCED3B002CCD70 /* FirebaseCore in Frameworks */ = {isa = PBXBuildFile; productRef = 00654B082FBCED3B002CCD70 /* FirebaseCore */; };
		00654B0E2FBCEDC8002CCD70 /* FirebaseFirestore in Frameworks */ = {isa = PBXBuildFile; productRef = 00654B0D2FBCEDC8002CCD70 /* FirebaseFirestore */; };
		00654B102FBCED3B002CCD70 /* FirebaseStorage in Frameworks */ = {isa = PBXBuildFile; productRef = 00654B0F2FBCED3B002CCD70 /* FirebaseStorage */; };
		009D2A232FD303950039981F /* FirebaseMessaging in Frameworks */ = {isa = PBXBuildFile; productRef = 009D2A222FD303950039981F /* FirebaseMessaging */; };
/* End PBXBuildFile section */

/* Begin PBXContainerItemProxy section */
		009F9D852FBB487F00307B37 /* PBXContainerItemProxy */ = {
			isa = PBXContainerItemProxy;
			containerPortal = 009F9D6F2FBB487E00307B37 /* Project object */;
			proxyType = 1;
			remoteGlobalIDString = 009F9D762FBB487E00307B37;
			remoteInfo = snoodle;
		};
		009F9D8F2FBB487F00307B37 /* PBXContainerItemProxy */ = {
			isa = PBXContainerItemProxy;
			containerPortal = 009F9D6F2FBB487E00307B37 /* Project object */;
			proxyType = 1;
			remoteGlobalIDString = 009F9D762FBB487E00307B37;
			remoteInfo = snoodle;
		};
/* End PBXContainerItemProxy section */

/* Begin PBXFileReference section */
		009F9D772FBB487E00307B37 /* snoodle.app */ = {isa = PBXFileReference; explicitFileType = wrapper.application; includeInIndex = 0; path = snoodle.app; sourceTree = BUILT_PRODUCTS_DIR; };
		009F9D842FBB487F00307B37 /* snoodleTests.xctest */ = {isa = PBXFileReference; explicitFileType = wrapper.cfbundle; includeInIndex = 0; path = snoodleTests.xctest; sourceTree = BUILT_PRODUCTS_DIR; };
		009F9D8E2FBB487F00307B37 /* snoodleUITests.xctest */ = {isa = PBXFileReference; explicitFileType = wrapper.cfbundle; includeInIndex = 0; path = snoodleUITests.xctest; sourceTree = BUILT_PRODUCTS_DIR; };
/* End PBXFileReference section */

/* Begin PBXFileSystemSynchronizedBuildFileExceptionSet section */
		009D2A252FD3041A0039981F /* Exceptions for "snoodle" folder in "snoodle" target */ = {
			isa = PBXFileSystemSynchronizedBuildFileExceptionSet;
			membershipExceptions = (
				Info.plist,
			);
			target = 009F9D762FBB487E00307B37 /* snoodle */;
		};
/* End PBXFileSystemSynchronizedBuildFileExceptionSet section */

/* Begin PBXFileSystemSynchronizedRootGroup section */
		009F9D792FBB487E00307B37 /* snoodle */ = {
			isa = PBXFileSystemSynchronizedRootGroup;
			exceptions = (
				009D2A252FD3041A0039981F /* Exceptions for "snoodle" folder in "snoodle" target */,
			);
			path = snoodle;
			sourceTree = "<group>";
		};
		009F9D872FBB487F00307B37 /* snoodleTests */ = {
			isa = PBXFileSystemSynchronizedRootGroup;
			path = snoodleTests;
			sourceTree = "<group>";
		};
		009F9D912FBB487F00307B37 /* snoodleUITests */ = {
			isa = PBXFileSystemSynchronizedRootGroup;
			path = snoodleUITests;
			sourceTree = "<group>";
		};
/* End PBXFileSystemSynchronizedRootGroup section */

/* Begin PBXFrameworksBuildPhase section */
		009F9D742FBB487E00307B37 /* Frameworks */ = {
			isa = PBXFrameworksBuildPhase;
			buildActionMask = 2147483647;
			files = (
				00654B092FBCED3B002CCD70 /* FirebaseCore in Frameworks */,
				00654B0E2FBCEDC8002CCD70 /* FirebaseFirestore in Frameworks */,
				009D2A232FD303950039981F /* FirebaseMessaging in Frameworks */,
				00654B072FBCED3B002CCD70 /* FirebaseAuth in Frameworks */,
				00654B102FBCED3B002CCD70 /* FirebaseStorage in Frameworks */,
			);
			runOnlyForDeploymentPostprocessing = 0;
		};
		009F9D812FBB487F00307B37 /* Frameworks */ = {
			isa = PBXFrameworksBuildPhase;
			buildActionMask = 2147483647;
			files = (
			);
			runOnlyForDeploymentPostprocessing = 0;
		};
		009F9D8B2FBB487F00307B37 /* Frameworks */ = {
			isa = PBXFrameworksBuildPhase;
			buildActionMask = 2147483647;
			files = (
			);
			runOnlyForDeploymentPostprocessing = 0;
		};
/* End PBXFrameworksBuildPhase section */

/* Begin PBXGroup section */
		00654B0C2FBCEDC8002CCD70 /* Frameworks */ = {
			isa = PBXGroup;
			children = (
			);
			name = Frameworks;
			sourceTree = "<group>";
		};
		009F9D6E2FBB487E00307B37 = {
			isa = PBXGroup;
			children = (
				009F9D792FBB487E00307B37 /* snoodle */,
				009F9D872FBB487F00307B37 /* snoodleTests */,
				009F9D912FBB487F00307B37 /* snoodleUITests */,
				00654B0C2FBCEDC8002CCD70 /* Frameworks */,
				009F9D782FBB487E00307B37 /* Products */,
			);
			sourceTree = "<group>";
		};
		009F9D782FBB487E00307B37 /* Products */ = {
			isa = PBXGroup;
			children = (
				009F9D772FBB487E00307B37 /* snoodle.app */,
				009F9D842FBB487F00307B37 /* snoodleTests.xctest */,
				009F9D8E2FBB487F00307B37 /* snoodleUITests.xctest */,
			);
			name = Products;
			sourceTree = "<group>";
		};
/* End PBXGroup section */

/* Begin PBXNativeTarget section */
		009F9D762FBB487E00307B37 /* snoodle */ = {
			isa = PBXNativeTarget;
			buildConfigurationList = 009F9D982FBB487F00307B37 /* Build configuration list for PBXNativeTarget "snoodle" */;
			buildPhases = (
				009F9D732FBB487E00307B37 /* Sources */,
				009F9D742FBB487E00307B37 /* Frameworks */,
				009F9D752FBB487E00307B37 /* Resources */,
			);
			buildRules = (
			);
			dependencies = (
			);
			fileSystemSynchronizedGroups = (
				009F9D792FBB487E00307B37 /* snoodle */,
			);
			name = snoodle;
			packageProductDependencies = (
				00654B062FBCED3B002CCD70 /* FirebaseAuth */,
				00654B0F2FBCED3B002CCD70 /* FirebaseStorage */,
				00654B082FBCED3B002CCD70 /* FirebaseCore */,
				00654B0D2FBCEDC8002CCD70 /* FirebaseFirestore */,
				009D2A222FD303950039981F /* FirebaseMessaging */,
			);
			productName = snoodle;
			productReference = 009F9D772FBB487E00307B37 /* snoodle.app */;
			productType = "com.apple.product-type.application";
		};
		009F9D832FBB487F00307B37 /* snoodleTests */ = {
			isa = PBXNativeTarget;
			buildConfigurationList = 009F9D9B2FBB487F00307B37 /* Build configuration list for PBXNativeTarget "snoodleTests" */;
			buildPhases = (
				009F9D802FBB487F00307B37 /* Sources */,
				009F9D812FBB487F00307B37 /* Frameworks */,
				009F9D822FBB487F00307B37 /* Resources */,
			);
			buildRules = (
			);
			dependencies = (
				009F9D862FBB487F00307B37 /* PBXTargetDependency */,
			);
			fileSystemSynchronizedGroups = (
				009F9D872FBB487F00307B37 /* snoodleTests */,
			);
			name = snoodleTests;
			packageProductDependencies = (
			);
			productName = snoodleTests;
			productReference = 009F9D842FBB487F00307B37 /* snoodleTests.xctest */;
			productType = "com.apple.product-type.bundle.unit-test";
		};
		009F9D8D2FBB487F00307B37 /* snoodleUITests */ = {
			isa = PBXNativeTarget;
			buildConfigurationList = 009F9D9E2FBB487F00307B37 /* Build configuration list for PBXNativeTarget "snoodleUITests" */;
			buildPhases = (
				009F9D8A2FBB487F00307B37 /* Sources */,
				009F9D8B2FBB487F00307B37 /* Frameworks */,
				009F9D8C2FBB487F00307B37 /* Resources */,
			);
			buildRules = (
			);
			dependencies = (
				009F9D902FBB487F00307B37 /* PBXTargetDependency */,
			);
			fileSystemSynchronizedGroups = (
				009F9D912FBB487F00307B37 /* snoodleUITests */,
			);
			name = snoodleUITests;
			packageProductDependencies = (
			);
			productName = snoodleUITests;
			productReference = 009F9D8E2FBB487F00307B37 /* snoodleUITests.xctest */;
			productType = "com.apple.product-type.bundle.ui-testing";
		};
/* End PBXNativeTarget section */

/* Begin PBXProject section */
		009F9D6F2FBB487E00307B37 /* Project object */ = {
			isa = PBXProject;
			attributes = {
				BuildIndependentTargetsInParallel = 1;
				LastSwiftUpdateCheck = 2650;
				LastUpgradeCheck = 2650;
				TargetAttributes = {
					009F9D762FBB487E00307B37 = {
						CreatedOnToolsVersion = 26.5;
					};
					009F9D832FBB487F00307B37 = {
						CreatedOnToolsVersion = 26.5;
						TestTargetID = 009F9D762FBB487E00307B37;
					};
					009F9D8D2FBB487F00307B37 = {
						CreatedOnToolsVersion = 26.5;
						TestTargetID = 009F9D762FBB487E00307B37;
					};
				};
			};
			buildConfigurationList = 009F9D722FBB487E00307B37 /* Build configuration list for PBXProject "snoodle" */;
			developmentRegion = en;
			hasScannedForEncodings = 0;
			knownRegions = (
				en,
				Base,
			);
			mainGroup = 009F9D6E2FBB487E00307B37;
			minimizedProjectReferenceProxies = 1;
			packageReferences = (
				00654B052FBCED3B002CCD70 /* XCRemoteSwiftPackageReference "firebase-ios-sdk" */,
			);
			preferredProjectObjectVersion = 77;
			productRefGroup = 009F9D782FBB487E00307B37 /* Products */;
			projectDirPath = "";
			projectRoot = "";
			targets = (
				009F9D762FBB487E00307B37 /* snoodle */,
				009F9D832FBB487F00307B37 /* snoodleTests */,
				009F9D8D2FBB487F00307B37 /* snoodleUITests */,
			);
		};
/* End PBXProject section */

/* Begin PBXResourcesBuildPhase section */
		009F9D752FBB487E00307B37 /* Resources */ = {
			isa = PBXResourcesBuildPhase;
			buildActionMask = 2147483647;
			files = (
			);
			runOnlyForDeploymentPostprocessing = 0;
		};
		009F9D822FBB487F00307B37 /* Resources */ = {
			isa = PBXResourcesBuildPhase;
			buildActionMask = 2147483647;
			files = (
			);
			runOnlyForDeploymentPostprocessing = 0;
		};
		009F9D8C2FBB487F00307B37 /* Resources */ = {
			isa = PBXResourcesBuildPhase;
			buildActionMask = 2147483647;
			files = (
			);
			runOnlyForDeploymentPostprocessing = 0;
		};
/* End PBXResourcesBuildPhase section */

/* Begin PBXSourcesBuildPhase section */
		009F9D732FBB487E00307B37 /* Sources */ = {
			isa = PBXSourcesBuildPhase;
			buildActionMask = 2147483647;
			files = (
			);
			runOnlyForDeploymentPostprocessing = 0;
		};
		009F9D802FBB487F00307B37 /* Sources */ = {
			isa = PBXSourcesBuildPhase;
			buildActionMask = 2147483647;
			files = (
			);
			runOnlyForDeploymentPostprocessing = 0;
		};
		009F9D8A2FBB487F00307B37 /* Sources */ = {
			isa = PBXSourcesBuildPhase;
			buildActionMask = 2147483647;
			files = (
			);
			runOnlyForDeploymentPostprocessing = 0;
		};
/* End PBXSourcesBuildPhase section */

/* Begin PBXTargetDependency section */
		009F9D862FBB487F00307B37 /* PBXTargetDependency */ = {
			isa = PBXTargetDependency;
			target = 009F9D762FBB487E00307B37 /* snoodle */;
			targetProxy = 009F9D852FBB487F00307B37 /* PBXContainerItemProxy */;
		};
		009F9D902FBB487F00307B37 /* PBXTargetDependency */ = {
			isa = PBXTargetDependency;
			target = 009F9D762FBB487E00307B37 /* snoodle */;
			targetProxy = 009F9D8F2FBB487F00307B37 /* PBXContainerItemProxy */;
		};
/* End PBXTargetDependency section */

/* Begin XCBuildConfiguration section */
		009F9D962FBB487F00307B37 /* Debug */ = {
			isa = XCBuildConfiguration;
			buildSettings = {
				ALWAYS_SEARCH_USER_PATHS = NO;
				ASSETCATALOG_COMPILER_GENERATE_SWIFT_ASSET_SYMBOL_EXTENSIONS = YES;
				CLANG_ANALYZER_NONNULL = YES;
				CLANG_ANALYZER_NUMBER_OBJECT_CONVERSION = YES_AGGRESSIVE;
				CLANG_CXX_LANGUAGE_STANDARD = "gnu++20";
				CLANG_ENABLE_MODULES = YES;
				CLANG_ENABLE_OBJC_ARC = YES;
				CLANG_ENABLE_OBJC_WEAK = YES;
				CLANG_WARN_BLOCK_CAPTURE_AUTORELEASING = YES;
				CLANG_WARN_BOOL_CONVERSION = YES;
				CLANG_WARN_COMMA = YES;
				CLANG_WARN_CONSTANT_CONVERSION = YES;
				CLANG_WARN_DEPRECATED_OBJC_IMPLEMENTATIONS = YES;
				CLANG_WARN_DIRECT_OBJC_ISA_USAGE = YES_ERROR;
				CLANG_WARN_DOCUMENTATION_COMMENTS = YES;
				CLANG_WARN_EMPTY_BODY = YES;
				CLANG_WARN_ENUM_CONVERSION = YES;
				CLANG_WARN_INFINITE_RECURSION = YES;
				CLANG_WARN_INT_CONVERSION = YES;
				CLANG_WARN_NON_LITERAL_NULL_CONVERSION = YES;
				CLANG_WARN_OBJC_IMPLICIT_RETAIN_SELF = YES;
				CLANG_WARN_OBJC_LITERAL_CONVERSION = YES;
				CLANG_WARN_OBJC_ROOT_CLASS = YES_ERROR;
				CLANG_WARN_QUOTED_INCLUDE_IN_FRAMEWORK_HEADER = YES;
				CLANG_WARN_RANGE_LOOP_ANALYSIS = YES;
				CLANG_WARN_STRICT_PROTOTYPES = YES;
				CLANG_WARN_SUSPICIOUS_MOVE = YES;
				CLANG_WARN_UNGUARDED_AVAILABILITY = YES_AGGRESSIVE;
				CLANG_WARN_UNREACHABLE_CODE = YES;
				CLANG_WARN__DUPLICATE_METHOD_MATCH = YES;
				COPY_PHASE_STRIP = NO;
				DEBUG_INFORMATION_FORMAT = dwarf;
				DEVELOPMENT_TEAM = 84N24333QH;
				ENABLE_STRICT_OBJC_MSGSEND = YES;
				ENABLE_TESTABILITY = YES;
				ENABLE_USER_SCRIPT_SANDBOXING = YES;
				GCC_C_LANGUAGE_STANDARD = gnu17;
				GCC_DYNAMIC_NO_PIC = NO;
				GCC_NO_COMMON_BLOCKS = YES;
				GCC_OPTIMIZATION_LEVEL = 0;
				GCC_PREPROCESSOR_DEFINITIONS = (
					"DEBUG=1",
					"$(inherited)",
				);
				GCC_WARN_64_TO_32_BIT_CONVERSION = YES;
				GCC_WARN_ABOUT_RETURN_TYPE = YES_ERROR;
				GCC_WARN_UNDECLARED_SELECTOR = YES;
				GCC_WARN_UNINITIALIZED_AUTOS = YES_AGGRESSIVE;
				GCC_WARN_UNUSED_FUNCTION = YES;
				GCC_WARN_UNUSED_VARIABLE = YES;
				IPHONEOS_DEPLOYMENT_TARGET = 26.5;
				LOCALIZATION_PREFERS_STRING_CATALOGS = YES;
				MTL_ENABLE_DEBUG_INFO = INCLUDE_SOURCE;
				MTL_FAST_MATH = YES;
				ONLY_ACTIVE_ARCH = YES;
				SDKROOT = iphoneos;
				SWIFT_ACTIVE_COMPILATION_CONDITIONS = "DEBUG $(inherited)";
				SWIFT_OPTIMIZATION_LEVEL = "-Onone";
			};
			name = Debug;
		};
		009F9D972FBB487F00307B37 /* Release */ = {
			isa = XCBuildConfiguration;
			buildSettings = {
				ALWAYS_SEARCH_USER_PATHS = NO;
				ASSETCATALOG_COMPILER_GENERATE_SWIFT_ASSET_SYMBOL_EXTENSIONS = YES;
				CLANG_ANALYZER_NONNULL = YES;
				CLANG_ANALYZER_NUMBER_OBJECT_CONVERSION = YES_AGGRESSIVE;
				CLANG_CXX_LANGUAGE_STANDARD = "gnu++20";
				CLANG_ENABLE_MODULES = YES;
				CLANG_ENABLE_OBJC_ARC = YES;
				CLANG_ENABLE_OBJC_WEAK = YES;
				CLANG_WARN_BLOCK_CAPTURE_AUTORELEASING = YES;
				CLANG_WARN_BOOL_CONVERSION = YES;
				CLANG_WARN_COMMA = YES;
				CLANG_WARN_CONSTANT_CONVERSION = YES;
				CLANG_WARN_DEPRECATED_OBJC_IMPLEMENTATIONS = YES;
				CLANG_WARN_DIRECT_OBJC_ISA_USAGE = YES_ERROR;
				CLANG_WARN_DOCUMENTATION_COMMENTS = YES;
				CLANG_WARN_EMPTY_BODY = YES;
				CLANG_WARN_ENUM_CONVERSION = YES;
				CLANG_WARN_INFINITE_RECURSION = YES;
				CLANG_WARN_INT_CONVERSION = YES;
				CLANG_WARN_NON_LITERAL_NULL_CONVERSION = YES;
				CLANG_WARN_OBJC_IMPLICIT_RETAIN_SELF = YES;
				CLANG_WARN_OBJC_LITERAL_CONVERSION = YES;
				CLANG_WARN_OBJC_ROOT_CLASS = YES_ERROR;
				CLANG_WARN_QUOTED_INCLUDE_IN_FRAMEWORK_HEADER = YES;
				CLANG_WARN_RANGE_LOOP_ANALYSIS = YES;
				CLANG_WARN_STRICT_PROTOTYPES = YES;
				CLANG_WARN_SUSPICIOUS_MOVE = YES;
				CLANG_WARN_UNGUARDED_AVAILABILITY = YES_AGGRESSIVE;
				CLANG_WARN_UNREACHABLE_CODE = YES;
				CLANG_WARN__DUPLICATE_METHOD_MATCH = YES;
				COPY_PHASE_STRIP = NO;
				DEBUG_INFORMATION_FORMAT = "dwarf-with-dsym";
				DEVELOPMENT_TEAM = 84N24333QH;
				ENABLE_NS_ASSERTIONS = NO;
				ENABLE_STRICT_OBJC_MSGSEND = YES;
				ENABLE_USER_SCRIPT_SANDBOXING = YES;
				GCC_C_LANGUAGE_STANDARD = gnu17;
				GCC_NO_COMMON_BLOCKS = YES;
				GCC_WARN_64_TO_32_BIT_CONVERSION = YES;
				GCC_WARN_ABOUT_RETURN_TYPE = YES_ERROR;
				GCC_WARN_UNDECLARED_SELECTOR = YES;
				GCC_WARN_UNINITIALIZED_AUTOS = YES_AGGRESSIVE;
				GCC_WARN_UNUSED_FUNCTION = YES;
				GCC_WARN_UNUSED_VARIABLE = YES;
				IPHONEOS_DEPLOYMENT_TARGET = 26.5;
				LOCALIZATION_PREFERS_STRING_CATALOGS = YES;
				MTL_ENABLE_DEBUG_INFO = NO;
				MTL_FAST_MATH = YES;
				SDKROOT = iphoneos;
				SWIFT_COMPILATION_MODE = wholemodule;
				VALIDATE_PRODUCT = YES;
			};
			name = Release;
		};
		009F9D992FBB487F00307B37 /* Debug */ = {
			isa = XCBuildConfiguration;
			buildSettings = {
				ASSETCATALOG_COMPILER_APPICON_NAME = AppIcon;
				ASSETCATALOG_COMPILER_GLOBAL_ACCENT_COLOR_NAME = AccentColor;
				CODE_SIGN_ENTITLEMENTS = snoodle/snoodle.entitlements;
				CODE_SIGN_IDENTITY = "Apple Development";
				CODE_SIGN_STYLE = Automatic;
				CURRENT_PROJECT_VERSION = 3;
				DEVELOPMENT_TEAM = 84N24333QH;
				ENABLE_PREVIEWS = YES;
				GENERATE_INFOPLIST_FILE = YES;
				INFOPLIST_FILE = snoodle/Info.plist;
				INFOPLIST_KEY_CFBundleDisplayName = Skadoodle;
				INFOPLIST_KEY_LSApplicationCategoryType = "public.app-category.graphics-design";
				INFOPLIST_KEY_NSCameraUsageDescription = "Snoodle uses your camera to take a profile photo.";
				INFOPLIST_KEY_NSPhotoLibraryUsageDescription = "Snoodle uses your photo library to choose a profile photo.";
				INFOPLIST_KEY_UIApplicationSceneManifest_Generation = YES;
				INFOPLIST_KEY_UIApplicationSupportsIndirectInputEvents = YES;
				INFOPLIST_KEY_UILaunchScreen_Generation = YES;
				INFOPLIST_KEY_UISupportedInterfaceOrientations = "UIInterfaceOrientationLandscapeRight UIInterfaceOrientationPortrait";
				INFOPLIST_KEY_UISupportedInterfaceOrientations_iPad = "UIInterfaceOrientationLandscapeLeft UIInterfaceOrientationLandscapeRight UIInterfaceOrientationPortrait UIInterfaceOrientationPortraitUpsideDown";
				LD_RUNPATH_SEARCH_PATHS = (
					"$(inherited)",
					"@executable_path/Frameworks",
				);
				MARKETING_VERSION = 2.0;
				PRODUCT_BUNDLE_IDENTIFIER = maxsdad.skadoodle;
				PRODUCT_NAME = "$(TARGET_NAME)";
				PROVISIONING_PROFILE_SPECIFIER = "";
				STRING_CATALOG_GENERATE_SYMBOLS = YES;
				SWIFT_APPROACHABLE_CONCURRENCY = YES;
				SWIFT_DEFAULT_ACTOR_ISOLATION = MainActor;
				SWIFT_EMIT_LOC_STRINGS = YES;
				SWIFT_UPCOMING_FEATURE_MEMBER_IMPORT_VISIBILITY = YES;
				SWIFT_VERSION = 5.0;
				TARGETED_DEVICE_FAMILY = "1,2";
			};
			name = Debug;
		};
		009F9D9A2FBB487F00307B37 /* Release */ = {
			isa = XCBuildConfiguration;
			buildSettings = {
				ASSETCATALOG_COMPILER_APPICON_NAME = AppIcon;
				ASSETCATALOG_COMPILER_GLOBAL_ACCENT_COLOR_NAME = AccentColor;
				CODE_SIGN_ENTITLEMENTS = snoodle/snoodle.entitlements;
				CODE_SIGN_IDENTITY = "Apple Development";
				CODE_SIGN_STYLE = Automatic;
				CURRENT_PROJECT_VERSION = 3;
				DEVELOPMENT_TEAM = 84N24333QH;
				ENABLE_PREVIEWS = YES;
				GENERATE_INFOPLIST_FILE = YES;
				INFOPLIST_FILE = snoodle/Info.plist;
				INFOPLIST_KEY_CFBundleDisplayName = Skadoodle;
				INFOPLIST_KEY_LSApplicationCategoryType = "public.app-category.graphics-design";
				INFOPLIST_KEY_NSCameraUsageDescription = "Snoodle uses your camera to take a profile photo.";
				INFOPLIST_KEY_NSPhotoLibraryUsageDescription = "Snoodle uses your photo library to choose a profile photo.";
				INFOPLIST_KEY_UIApplicationSceneManifest_Generation = YES;
				INFOPLIST_KEY_UIApplicationSupportsIndirectInputEvents = YES;
				INFOPLIST_KEY_UILaunchScreen_Generation = YES;
				INFOPLIST_KEY_UISupportedInterfaceOrientations = "UIInterfaceOrientationLandscapeRight UIInterfaceOrientationPortrait";
				INFOPLIST_KEY_UISupportedInterfaceOrientations_iPad = "UIInterfaceOrientationLandscapeLeft UIInterfaceOrientationLandscapeRight UIInterfaceOrientationPortrait UIInterfaceOrientationPortraitUpsideDown";
				LD_RUNPATH_SEARCH_PATHS = (
					"$(inherited)",
					"@executable_path/Frameworks",
				);
				MARKETING_VERSION = 2.0;
				PRODUCT_BUNDLE_IDENTIFIER = maxsdad.skadoodle;
				PRODUCT_NAME = "$(TARGET_NAME)";
				PROVISIONING_PROFILE_SPECIFIER = "";
				STRING_CATALOG_GENERATE_SYMBOLS = YES;
				SWIFT_APPROACHABLE_CONCURRENCY = YES;
				SWIFT_DEFAULT_ACTOR_ISOLATION = MainActor;
				SWIFT_EMIT_LOC_STRINGS = YES;
				SWIFT_UPCOMING_FEATURE_MEMBER_IMPORT_VISIBILITY = YES;
				SWIFT_VERSION = 5.0;
				TARGETED_DEVICE_FAMILY = "1,2";
			};
			name = Release;
		};
		009F9D9C2FBB487F00307B37 /* Debug */ = {
			isa = XCBuildConfiguration;
			buildSettings = {
				BUNDLE_LOADER = "$(TEST_HOST)";
				CODE_SIGN_STYLE = Automatic;
				CURRENT_PROJECT_VERSION = 12;
				DEVELOPMENT_TEAM = 84N24333QH;
				GENERATE_INFOPLIST_FILE = YES;
				INFOPLIST_KEY_CFBundleDisplayName = Skadoodle;
				IPHONEOS_DEPLOYMENT_TARGET = 26.5;
				MARKETING_VERSION = 1.0;
				PRODUCT_BUNDLE_IDENTIFIER = maxdad.skadoodle.tests;
				PRODUCT_NAME = "$(TARGET_NAME)";
				STRING_CATALOG_GENERATE_SYMBOLS = NO;
				SWIFT_APPROACHABLE_CONCURRENCY = YES;
				SWIFT_EMIT_LOC_STRINGS = NO;
				SWIFT_UPCOMING_FEATURE_MEMBER_IMPORT_VISIBILITY = YES;
				SWIFT_VERSION = 5.0;
				TARGETED_DEVICE_FAMILY = "1,2";
				TEST_HOST = "$(BUILT_PRODUCTS_DIR)/snoodle.app/$(BUNDLE_EXECUTABLE_FOLDER_PATH)/snoodle";
			};
			name = Debug;
		};
		009F9D9D2FBB487F00307B37 /* Release */ = {
			isa = XCBuildConfiguration;
			buildSettings = {
				BUNDLE_LOADER = "$(TEST_HOST)";
				CODE_SIGN_STYLE = Automatic;
				CURRENT_PROJECT_VERSION = 12;
				DEVELOPMENT_TEAM = 84N24333QH;
				GENERATE_INFOPLIST_FILE = YES;
				INFOPLIST_KEY_CFBundleDisplayName = Skadoodle;
				IPHONEOS_DEPLOYMENT_TARGET = 26.5;
				MARKETING_VERSION = 1.0;
				PRODUCT_BUNDLE_IDENTIFIER = maxsdad.skadoodle.tests;
				"PRODUCT_BUNDLE_IDENTIFIER[sdk=iphoneos*]" = maxsdad.skadoodle;
				PRODUCT_NAME = "$(TARGET_NAME)";
				STRING_CATALOG_GENERATE_SYMBOLS = NO;
				SWIFT_APPROACHABLE_CONCURRENCY = YES;
				SWIFT_EMIT_LOC_STRINGS = NO;
				SWIFT_UPCOMING_FEATURE_MEMBER_IMPORT_VISIBILITY = YES;
				SWIFT_VERSION = 5.0;
				TARGETED_DEVICE_FAMILY = "1,2";
				TEST_HOST = "$(BUILT_PRODUCTS_DIR)/snoodle.app/$(BUNDLE_EXECUTABLE_FOLDER_PATH)/snoodle";
			};
			name = Release;
		};
		009F9D9F2FBB487F00307B37 /* Debug */ = {
			isa = XCBuildConfiguration;
			buildSettings = {
				CODE_SIGN_STYLE = Automatic;
				CURRENT_PROJECT_VERSION = 12;
				DEVELOPMENT_TEAM = 84N24333QH;
				GENERATE_INFOPLIST_FILE = YES;
				INFOPLIST_KEY_CFBundleDisplayName = Skadoodle;
				MARKETING_VERSION = 1.0;
				PRODUCT_BUNDLE_IDENTIFIER = com.eddiebrayman.skadoodle.uitests;
				PRODUCT_NAME = "$(TARGET_NAME)";
				STRING_CATALOG_GENERATE_SYMBOLS = NO;
				SWIFT_APPROACHABLE_CONCURRENCY = YES;
				SWIFT_EMIT_LOC_STRINGS = NO;
				SWIFT_UPCOMING_FEATURE_MEMBER_IMPORT_VISIBILITY = YES;
				SWIFT_VERSION = 5.0;
				TARGETED_DEVICE_FAMILY = "1,2";
				TEST_TARGET_NAME = snoodle;
			};
			name = Debug;
		};
		009F9DA02FBB487F00307B37 /* Release */ = {
			isa = XCBuildConfiguration;
			buildSettings = {
				CODE_SIGN_STYLE = Automatic;
				CURRENT_PROJECT_VERSION = 12;
				DEVELOPMENT_TEAM = 84N24333QH;
				GENERATE_INFOPLIST_FILE = YES;
				INFOPLIST_KEY_CFBundleDisplayName = Skadoodle;
				MARKETING_VERSION = 1.0;
				PRODUCT_BUNDLE_IDENTIFIER = com.eddiebrayman.skadoodle.uitests;
				"PRODUCT_BUNDLE_IDENTIFIER[sdk=iphoneos*]" = maxsdad.skadoodle;
				PRODUCT_NAME = "$(TARGET_NAME)";
				STRING_CATALOG_GENERATE_SYMBOLS = NO;
				SWIFT_APPROACHABLE_CONCURRENCY = YES;
				SWIFT_EMIT_LOC_STRINGS = NO;
				SWIFT_UPCOMING_FEATURE_MEMBER_IMPORT_VISIBILITY = YES;
				SWIFT_VERSION = 5.0;
				TARGETED_DEVICE_FAMILY = "1,2";
				TEST_TARGET_NAME = snoodle;
			};
			name = Release;
		};
/* End XCBuildConfiguration section */

/* Begin XCConfigurationList section */
		009F9D722FBB487E00307B37 /* Build configuration list for PBXProject "snoodle" */ = {
			isa = XCConfigurationList;
			buildConfigurations = (
				009F9D962FBB487F00307B37 /* Debug */,
				009F9D972FBB487F00307B37 /* Release */,
			);
			defaultConfigurationIsVisible = 0;
			defaultConfigurationName = Release;
		};
		009F9D982FBB487F00307B37 /* Build configuration list for PBXNativeTarget "snoodle" */ = {
			isa = XCConfigurationList;
			buildConfigurations = (
				009F9D992FBB487F00307B37 /* Debug */,
				009F9D9A2FBB487F00307B37 /* Release */,
			);
			defaultConfigurationIsVisible = 0;
			defaultConfigurationName = Release;
		};
		009F9D9B2FBB487F00307B37 /* Build configuration list for PBXNativeTarget "snoodleTests" */ = {
			isa = XCConfigurationList;
			buildConfigurations = (
				009F9D9C2FBB487F00307B37 /* Debug */,
				009F9D9D2FBB487F00307B37 /* Release */,
			);
			defaultConfigurationIsVisible = 0;
			defaultConfigurationName = Release;
		};
		009F9D9E2FBB487F00307B37 /* Build configuration list for PBXNativeTarget "snoodleUITests" */ = {
			isa = XCConfigurationList;
			buildConfigurations = (
				009F9D9F2FBB487F00307B37 /* Debug */,
				009F9DA02FBB487F00307B37 /* Release */,
			);
			defaultConfigurationIsVisible = 0;
			defaultConfigurationName = Release;
		};
/* End XCConfigurationList section */

/* Begin XCRemoteSwiftPackageReference section */
		00654B052FBCED3B002CCD70 /* XCRemoteSwiftPackageReference "firebase-ios-sdk" */ = {
			isa = XCRemoteSwiftPackageReference;
			repositoryURL = "https://github.com/firebase/firebase-ios-sdk";
			requirement = {
				kind = upToNextMajorVersion;
				minimumVersion = 12.13.0;
			};
		};
/* End XCRemoteSwiftPackageReference section */

/* Begin XCSwiftPackageProductDependency section */
		00654B062FBCED3B002CCD70 /* FirebaseAuth */ = {
			isa = XCSwiftPackageProductDependency;
			package = 00654B052FBCED3B002CCD70 /* XCRemoteSwiftPackageReference "firebase-ios-sdk" */;
			productName = FirebaseAuth;
		};
		00654B082FBCED3B002CCD70 /* FirebaseCore */ = {
			isa = XCSwiftPackageProductDependency;
			package = 00654B052FBCED3B002CCD70 /* XCRemoteSwiftPackageReference "firebase-ios-sdk" */;
			productName = FirebaseCore;
		};
		00654B0D2FBCEDC8002CCD70 /* FirebaseFirestore */ = {
			isa = XCSwiftPackageProductDependency;
			package = 00654B052FBCED3B002CCD70 /* XCRemoteSwiftPackageReference "firebase-ios-sdk" */;
			productName = FirebaseFirestore;
		};
		00654B0F2FBCED3B002CCD70 /* FirebaseStorage */ = {
			isa = XCSwiftPackageProductDependency;
			package = 00654B052FBCED3B002CCD70 /* XCRemoteSwiftPackageReference "firebase-ios-sdk" */;
			productName = FirebaseStorage;
		};
		009D2A222FD303950039981F /* FirebaseMessaging */ = {
			isa = XCSwiftPackageProductDependency;
			package = 00654B052FBCED3B002CCD70 /* XCRemoteSwiftPackageReference "firebase-ios-sdk" */;
			productName = FirebaseMessaging;
		};
/* End XCSwiftPackageProductDependency section */
	};
	rootObject = 009F9D6F2FBB487E00307B37 /* Project object */;
}
